
Microsoft Visual Studio Solution File, Format Version 12.00
# Visual Studio 2013
VisualStudioVersion = 12.0.21005.1
MinimumVisualStudioVersion = 10.0.40219.1
Project("{FAE04EC0-301F-11D3-BF4B-00C04F79EFBC}") = "ICAPR-SVP", "ICAPR-SVP\ICAPR-SVP.csproj", "{E46A24ED-6B6B-45A8-8981-B937F9CD9D06}"
EndProject
Project("{FAE04EC0-301F-11D3-BF4B-00C04F79EFBC}") = "ICAPR-SVP.Broker", "ICAPR-SVP.Broker\ICAPR-SVP.Broker.csproj", "{FCC2A784-508B-42F5-8205-CA97855EAB07}"
EndProject
Project("{FAE04EC0-301F-11D3-BF4B-00C04F79EFBC}") = "ICAPR-SVP.DataCleaning", "ICAPR-SVP.DataCleaning\ICAPR-SVP.DataCleaning.csproj", "{2D8A6FB2-B942-48A7-9511-1158461B7F0A}"
EndProject
Project("{FAE04EC0-301F-11D3-BF4B-00C04F79EFBC}") = "ICAPR-SVP.Misc", "ICAPR-SVP.Misc\ICAPR-SVP.Misc.csproj", "{2BCF60DD-D05C-4F07-B372-E1E2B5477CFC}"
EndProject
Project("{FAE04EC0-301F-11D3-BF4B-00C04F79EFBC}") = "ICAPR-SVP.Test", "ICAPR-SVP.Test\ICAPR-SVP.Test.csproj", "{052888DE-D869-4149-9F93-667B317FAB4B}"
EndProject
Project("{2150E333-8FDC-42A3-9474-1A3956D46DE8}") = "Solution Items", "Solution Items", "{0CDE2FE6-4505-425E-AB84-E743EFD345D2}"
EndProject
Project("{FAE04EC0-301F-11D3-BF4B-00C04F79EFBC}") = "ICAPR-SVP.Network", "ICAPR-SVP.Network\ICAPR-SVP.Network.csproj", "{D9B2B7B0-D080-4FA0-9EF2-E109E0DFD98A}"
EndProject
Project("{FAE04EC0-301F-11D3-BF4B-00C04F79EFBC}") = "ICAPR-SVP.ICA", "ICAPR-SVP.ICA\ICAPR-SVP.ICA.csproj", "{505F4746-9E49-48AD-A6AC-E0D6EF7EC161}"
EndProject
Global
	GlobalSection(SolutionConfigurationPlatforms) = preSolution
		Debug|Any CPU = Debug|Any CPU
		Debug|Mixed Platforms = Debug|Mixed Platforms
		Debug|x86 = Debug|x86
		Release|Any CPU = Release|Any CPU
		Release|Mixed Platforms = Release|Mixed Platforms
		Release|x86 = Release|x86
	EndGlobalSection
	GlobalSection(ProjectConfigurationPlatforms) = postSolution
		{E46A24ED-6B6B-45A8-8981-B937F9CD9D06}.Debug|Any CPU.ActiveCfg = Debug|Any CPU
		{E46A24ED-6B6B-45A8-8981-B937F9CD9D06}.Debug|Any CPU.Build.0 = Debug|Any CPU
		{E46A24ED-6B6B-45A8-8981-B937F9CD9D06}.Debug|Mixed Platforms.ActiveCfg = Debug|Any CPU
		{E46A24ED-6B6B-45A8-8981-B937F9CD9D06}.Debug|Mixed Platforms.Build.0 = Debug|Any CPU
		{E46A24ED-6B6B-45A8-8981-B937F9CD9D06}.Debug|x86.ActiveCfg = Debug|Any CPU
		{E46A24ED-6B6B-45A8-8981-B937F9CD9D06}.Release|Any CPU.ActiveCfg = Release|Any CPU
		{E46A24ED-6B6B-45A8-8981-B937F9CD9D06}.Release|Any CPU.Build.0 = Release|Any CPU
		{E46A24ED-6B6B-45A8-8981-B937F9CD9D06}.Release|Mixed Platforms.ActiveCfg = Release|Any CPU
		{E46A24ED-6B6B-45A8-8981-B937F9CD9D06}.Release|Mixed Platforms.Build.0 = Release|Any CPU
		{E46A24ED-6B6B-45A8-8981-B937F9CD9D06}.Release|x86.ActiveCfg = Release|Any CPU
		{FCC2A784-508B-42F5-8205-CA97855EAB07}.Debug|Any CPU.ActiveCfg = Debug|Any CPU
		{FCC2A784-508B-42F5-8205-CA97855EAB07}.Debug|Any CPU.Build.0 = Debug|Any CPU
		{FCC2A784-508B-42F5-8205-CA97855EAB07}.Debug|Mixed Platforms.ActiveCfg = Debug|Any CPU
		{FCC2A784-508B-42F5-8205-CA97855EAB07}.Debug|Mixed Platforms.Build.0 = Debug|Any CPU
		{FCC2A784-508B-42F5-8205-CA97855EAB07}.Debug|x86.ActiveCfg = Debug|Any CPU
		{FCC2A784-508B-42F5-8205-CA97855EAB07}.Release|Any CPU.ActiveCfg = Release|Any CPU
		{FCC2A784-508B-42F5-8205-CA97855EAB07}.Release|Any CPU.Build.0 = Release|Any CPU
		{FCC2A784-508B-42F5-8205-CA97855EAB07}.Release|Mixed Platforms.ActiveCfg = Release|Any CPU
		{FCC2A784-508B-42F5-8205-CA97855EAB07}.Release|Mixed Platforms.Build.0 = Release|Any CPU
		{FCC2A784-508B-42F5-8205-CA97855EAB07}.Release|x86.ActiveCfg = Release|Any CPU
		{2D8A6FB2-B942-48A7-9511-1158461B7F0A}.Debug|Any CPU.ActiveCfg = Debug|Any CPU
		{2D8A6FB2-B942-48A7-9511-1158461B7F0A}.Debug|Any CPU.Build.0 = Debug|Any CPU
		{2D8A6FB2-B942-48A7-9511-1158461B7F0A}.Debug|Mixed Platforms.ActiveCfg = Debug|Any CPU
		{2D8A6FB2-B942-48A7-9511-1158461B7F0A}.Debug|Mixed Platforms.Build.0 = Debug|Any CPU
		{2D8A6FB2-B942-48A7-9511-1158461B7F0A}.Debug|x86.ActiveCfg = Debug|Any CPU
		{2D8A6FB2-B942-48A7-9511-1158461B7F0A}.Release|Any CPU.ActiveCfg = Release|Any CPU
		{2D8A6FB2-B942-48A7-9511-1158461B7F0A}.Release|Any CPU.Build.0 = Release|Any CPU
		{2D8A6FB2-B942-48A7-9511-1158461B7F0A}.Release|Mixed Platforms.ActiveCfg = Release|Any CPU
		{2D8A6FB2-B942-48A7-9511-1158461B7F0A}.Release|Mixed Platforms.Build.0 = Release|Any CPU
		{2D8A6FB2-B942-48A7-9511-1158461B7F0A}.Release|x86.ActiveCfg = Release|Any CPU
		{2BCF60DD-D05C-4F07-B372-E1E2B5477CFC}.Debug|Any CPU.ActiveCfg = Debug|Any CPU
		{2BCF60DD-D05C-4F07-B372-E1E2B5477CFC}.Debug|Any CPU.Build.0 = Debug|Any CPU
		{2BCF60DD-D05C-4F07-B372-E1E2B5477CFC}.Debug|Mixed Platforms.ActiveCfg = Debug|Any CPU
		{2BCF60DD-D05C-4F07-B372-E1E2B5477CFC}.Debug|Mixed Platforms.Build.0 = Debug|Any CPU
		{2BCF60DD-D05C-4F07-B372-E1E2B5477CFC}.Debug|x86.ActiveCfg = Debug|Any CPU
		{2BCF60DD-D05C-4F07-B372-E1E2B5477CFC}.Release|Any CPU.ActiveCfg = Release|Any CPU
		{2BCF60DD-D05C-4F07-B372-E1E2B5477CFC}.Release|Any CPU.Build.0 = Release|Any CPU
		{2BCF60DD-D05C-4F07-B372-E1E2B5477CFC}.Release|Mixed Platforms.ActiveCfg = Release|Any CPU
		{2BCF60DD-D05C-4F07-B372-E1E2B5477CFC}.Release|Mixed Platforms.Build.0 = Release|Any CPU
		{2BCF60DD-D05C-4F07-B372-E1E2B5477CFC}.Release|x86.ActiveCfg = Release|Any CPU
		{052888DE-D869-4149-9F93-667B317FAB4B}.Debug|Any CPU.ActiveCfg = Debug|Any CPU
		{052888DE-D869-4149-9F93-667B317FAB4B}.Debug|Any CPU.Build.0 = Debug|Any CPU
		{052888DE-D869-4149-9F93-667B317FAB4B}.Debug|Mixed Platforms.ActiveCfg = Debug|Any CPU
		{052888DE-D869-4149-9F93-667B317FAB4B}.Debug|Mixed Platforms.Build.0 = Debug|Any CPU
		{052888DE-D869-4149-9F93-667B317FAB4B}.Debug|x86.ActiveCfg = Debug|Any CPU
		{052888DE-D869-4149-9F93-667B317FAB4B}.Release|Any CPU.ActiveCfg = Release|Any CPU
		{052888DE-D869-4149-9F93-667B317FAB4B}.Release|Any CPU.Build.0 = Release|Any CPU
		{052888DE-D869-4149-9F93-667B317FAB4B}.Release|Mixed Platforms.ActiveCfg = Release|Any CPU
		{052888DE-D869-4149-9F93-667B317FAB4B}.Release|Mixed Platforms.Build.0 = Release|Any CPU
		{052888DE-D869-4149-9F93-667B317FAB4B}.Release|x86.ActiveCfg = Release|Any CPU
		{D9B2B7B0-D080-4FA0-9EF2-E109E0DFD98A}.Debug|Any CPU.ActiveCfg = Debug|Any CPU
		{D9B2B7B0-D080-4FA0-9EF2-E109E0DFD98A}.Debug|Any CPU.Build.0 = Debug|Any CPU
		{D9B2B7B0-D080-4FA0-9EF2-E109E0DFD98A}.Debug|Mixed Platforms.ActiveCfg = Debug|Any CPU
		{D9B2B7B0-D080-4FA0-9EF2-E109E0DFD98A}.Debug|Mixed Platforms.Build.0 = Debug|Any CPU
		{D9B2B7B0-D080-4FA0-9EF2-E109E0DFD98A}.Debug|x86.ActiveCfg = Debug|Any CPU
		{D9B2B7B0-D080-4FA0-9EF2-E109E0DFD98A}.Release|Any CPU.ActiveCfg = Release|Any CPU
		{D9B2B7B0-D080-4FA0-9EF2-E109E0DFD98A}.Release|Any CPU.Build.0 = Release|Any CPU
		{D9B2B7B0-D080-4FA0-9EF2-E109E0DFD98A}.Release|Mixed Platforms.ActiveCfg = Release|Any CPU
		{D9B2B7B0-D080-4FA0-9EF2-E109E0DFD98A}.Release|Mixed Platforms.Build.0 = Release|Any CPU
		{D9B2B7B0-D080-4FA0-9EF2-E109E0DFD98A}.Release|x86.ActiveCfg = Release|Any CPU
		{505F4746-9E49-48AD-A6AC-E0D6EF7EC161}.Debug|Any CPU.ActiveCfg = Debug|Any CPU
		{505F4746-9E49-48AD-A6AC-E0D6EF7EC161}.Debug|Any CPU.Build.0 = Debug|Any CPU
		{505F4746-9E49-48AD-A6AC-E0D6EF7EC161}.Debug|Mixed Platforms.ActiveCfg = Debug|Any CPU
		{505F4746-9E49-48AD-A6AC-E0D6EF7EC161}.Debug|Mixed Platforms.Build.0 = Debug|Any CPU
		{505F4746-9E49-48AD-A6AC-E0D6EF7EC161}.Debug|x86.ActiveCfg = Debug|Any CPU
		{505F4746-9E49-48AD-A6AC-E0D6EF7EC161}.Release|Any CPU.ActiveCfg = Release|Any CPU
		{505F4746-9E49-48AD-A6AC-E0D6EF7EC161}.Release|Any CPU.Build.0 = Release|Any CPU
		{505F4746-9E49-48AD-A6AC-E0D6EF7EC161}.Release|Mixed Platforms.ActiveCfg = Release|Any CPU
		{505F4746-9E49-48AD-A6AC-E0D6EF7EC161}.Release|Mixed Platforms.Build.0 = Release|Any CPU
		{505F4746-9E49-48AD-A6AC-E0D6EF7EC161}.Release|x86.ActiveCfg = Release|Any CPU
	EndGlobalSection
	GlobalSection(SolutionProperties) = preSolution
		HideSolutionNode = FALSE
	EndGlobalSection
	GlobalSection(MonoDevelopProperties) = preSolution
		StartupItem = Samples\ConsoleApp\ConsoleApp.csproj
		Policies = $0
		$0.TextStylePolicy = $4
		$1.FileWidth = 120
		$1.TabWidth = 2
		$1.IndentWidth = 2
		$1.NoTabsAfterNonTabs = True
		$1.EolMarker = Windows
		$1.inheritsSet = VisualStudio
		$1.inheritsScope = text/plain
		$1.scope = text/x-csharp
		$0.CSharpFormattingPolicy = $2
		$2.BeforeMethodDeclarationParentheses = False
		$2.BeforeMethodCallParentheses = False
		$2.BeforeConstructorDeclarationParentheses = False
		$2.BeforeIndexerDeclarationBracket = False
		$2.BeforeDelegateDeclarationParentheses = False
		$2.AfterDelegateDeclarationParameterComma = True
		$2.NewParentheses = False
		$2.SpacesBeforeBrackets = False
		$2.inheritsSet = Mono
		$2.inheritsScope = text/x-csharp
		$2.scope = text/x-csharp
		$0.DotNetNamingPolicy = $3
		$3.DirectoryNamespaceAssociation = PrefixedHierarchical
		$3.ResourceNamePolicy = FileFormatDefault
		$4.FileWidth = 120
		$4.TabWidth = 4
		$4.inheritsSet = Mono
		$4.inheritsScope = text/plain
		$4.scope = text/plain
	EndGlobalSection
EndGlobal
